
Microsoft Visual Studio Solution File, Format Version 12.00
# Visual Studio 15
VisualStudioVersion = 15.0.26430.12
MinimumVisualStudioVersion = 10.0.40219.1
Project("{2150E333-8FDC-42A3-9474-1A3956D46DE8}") = "1.Presentation Layer", "1.Presentation Layer", "{A4421B79-D294-407C-A140-0990A42E0D10}"
EndProject
Project("{2150E333-8FDC-42A3-9474-1A3956D46DE8}") = "2.Business Logic Layer", "2.Business Logic Layer", "{B3B69325-4A80-45A9-AE09-49BE77175751}"
EndProject
Project("{2150E333-8FDC-42A3-9474-1A3956D46DE8}") = "3.Data Access Layer", "3.Data Access Layer", "{B50CBDD1-B80C-432C-B651-40C6EE05A34B}"
EndProject
Project("{2150E333-8FDC-42A3-9474-1A3956D46DE8}") = "4.Model Layer", "4.Model Layer", "{3EBAA573-1C4F-4809-99FB-227CFC76747A}"
EndProject
Project("{2150E333-8FDC-42A3-9474-1A3956D46DE8}") = "5.Cross Cuting Layer", "5.Cross Cuting Layer", "{7614D8AD-0C0A-476F-ACC7-AD21C9CF6B29}"
EndProject
Project("{FAE04EC0-301F-11D3-BF4B-00C04F79EFBC}") = "ApiSample.Models", "ApiSample.Models\ApiSample.Models.csproj", "{E3B31956-0EA4-4DE0-AA17-240C08598B84}"
EndProject
Project("{FAE04EC0-301F-11D3-BF4B-00C04F79EFBC}") = "ApiSample.DA.Interfaces", "ApiSample.DA.Interfaces\ApiSample.DA.Interfaces.csproj", "{D2983EDD-4A96-406B-9CB7-C19415BA39F2}"
EndProject
Project("{FAE04EC0-301F-11D3-BF4B-00C04F79EFBC}") = "ApiSample.DA.Repositories", "ApiSample.DA.Repositories\ApiSample.DA.Repositories.csproj", "{FCE6E095-7F54-48AE-8F93-D4333D682FBE}"
EndProject
Project("{FAE04EC0-301F-11D3-BF4B-00C04F79EFBC}") = "ApiSample.BL.Interfaces", "ApiSample.BL.Interfaces\ApiSample.BL.Interfaces.csproj", "{2E1B45AC-6314-40BD-8103-A11169B00AD4}"
EndProject
Project("{FAE04EC0-301F-11D3-BF4B-00C04F79EFBC}") = "ApiSample.BL.Services", "ApiSample.BL.Services\ApiSample.BL.Services.csproj", "{DC95D490-6E66-48D0-9E2E-F9D26C4511BB}"
EndProject
Project("{FAE04EC0-301F-11D3-BF4B-00C04F79EFBC}") = "ApiSample.UI.WebSite", "ApiSample.UI.WebSite\ApiSample.UI.WebSite.csproj", "{A470EE1F-DF4A-4F72-B8DD-7DD31E40772F}"
EndProject
Project("{FAE04EC0-301F-11D3-BF4B-00C04F79EFBC}") = "ApiSample.BL.Modules", "ApiSample.BL.Modules\ApiSample.BL.Modules.csproj", "{A45E0B3C-083C-4145-84EC-B7E57E861ECE}"
EndProject
Project("{FAE04EC0-301F-11D3-BF4B-00C04F79EFBC}") = "ApiSample.DA.Modules", "ApiSample.DA.Modules\ApiSample.DA.Modules.csproj", "{C95CB38E-326A-4913-A48F-695AC640927F}"
EndProject
Project("{FAE04EC0-301F-11D3-BF4B-00C04F79EFBC}") = "ApiSample.BL.TempServices", "ApiSample.BL.TempService\ApiSample.BL.TempServices.csproj", "{959BE945-5D86-41A1-AFCC-050553379E87}"
EndProject
Project("{FAE04EC0-301F-11D3-BF4B-00C04F79EFBC}") = "ApiSample.DA.Tables", "ApiSample.DA.Tables\ApiSample.DA.Tables.csproj", "{DF5763EB-0949-4CC4-8C46-C046C747BB51}"
EndProject
Project("{FAE04EC0-301F-11D3-BF4B-00C04F79EFBC}") = "ApiSample.DA.Repositories.Test", "ApiSample.DA.Repositories.Test\ApiSample.DA.Repositories.Test.csproj", "{685EBDE3-42EC-4DAD-9CA6-0CABDA500004}"
EndProject
Global
	GlobalSection(SolutionConfigurationPlatforms) = preSolution
		Debug|Any CPU = Debug|Any CPU
		Release|Any CPU = Release|Any CPU
	EndGlobalSection
	GlobalSection(ProjectConfigurationPlatforms) = postSolution
		{E3B31956-0EA4-4DE0-AA17-240C08598B84}.Debug|Any CPU.ActiveCfg = Debug|Any CPU
		{E3B31956-0EA4-4DE0-AA17-240C08598B84}.Debug|Any CPU.Build.0 = Debug|Any CPU
		{E3B31956-0EA4-4DE0-AA17-240C08598B84}.Release|Any CPU.ActiveCfg = Release|Any CPU
		{E3B31956-0EA4-4DE0-AA17-240C08598B84}.Release|Any CPU.Build.0 = Release|Any CPU
		{D2983EDD-4A96-406B-9CB7-C19415BA39F2}.Debug|Any CPU.ActiveCfg = Debug|Any CPU
		{D2983EDD-4A96-406B-9CB7-C19415BA39F2}.Debug|Any CPU.Build.0 = Debug|Any CPU
		{D2983EDD-4A96-406B-9CB7-C19415BA39F2}.Release|Any CPU.ActiveCfg = Release|Any CPU
		{D2983EDD-4A96-406B-9CB7-C19415BA39F2}.Release|Any CPU.Build.0 = Release|Any CPU
		{FCE6E095-7F54-48AE-8F93-D4333D682FBE}.Debug|Any CPU.ActiveCfg = Debug|Any CPU
		{FCE6E095-7F54-48AE-8F93-D4333D682FBE}.Debug|Any CPU.Build.0 = Debug|Any CPU
		{FCE6E095-7F54-48AE-8F93-D4333D682FBE}.Release|Any CPU.ActiveCfg = Release|Any CPU
		{FCE6E095-7F54-48AE-8F93-D4333D682FBE}.Release|Any CPU.Build.0 = Release|Any CPU
		{2E1B45AC-6314-40BD-8103-A11169B00AD4}.Debug|Any CPU.ActiveCfg = Debug|Any CPU
		{2E1B45AC-6314-40BD-8103-A11169B00AD4}.Debug|Any CPU.Build.0 = Debug|Any CPU
		{2E1B45AC-6314-40BD-8103-A11169B00AD4}.Release|Any CPU.ActiveCfg = Release|Any CPU
		{2E1B45AC-6314-40BD-8103-A11169B00AD4}.Release|Any CPU.Build.0 = Release|Any CPU
		{DC95D490-6E66-48D0-9E2E-F9D26C4511BB}.Debug|Any CPU.ActiveCfg = Debug|Any CPU
		{DC95D490-6E66-48D0-9E2E-F9D26C4511BB}.Debug|Any CPU.Build.0 = Debug|Any CPU
		{DC95D490-6E66-48D0-9E2E-F9D26C4511BB}.Release|Any CPU.ActiveCfg = Release|Any CPU
		{DC95D490-6E66-48D0-9E2E-F9D26C4511BB}.Release|Any CPU.Build.0 = Release|Any CPU
		{A470EE1F-DF4A-4F72-B8DD-7DD31E40772F}.Debug|Any CPU.ActiveCfg = Debug|Any CPU
		{A470EE1F-DF4A-4F72-B8DD-7DD31E40772F}.Debug|Any CPU.Build.0 = Debug|Any CPU
		{A470EE1F-DF4A-4F72-B8DD-7DD31E40772F}.Release|Any CPU.ActiveCfg = Release|Any CPU
		{A470EE1F-DF4A-4F72-B8DD-7DD31E40772F}.Release|Any CPU.Build.0 = Release|Any CPU
		{A45E0B3C-083C-4145-84EC-B7E57E861ECE}.Debug|Any CPU.ActiveCfg = Debug|Any CPU
		{A45E0B3C-083C-4145-84EC-B7E57E861ECE}.Debug|Any CPU.Build.0 = Debug|Any CPU
		{A45E0B3C-083C-4145-84EC-B7E57E861ECE}.Release|Any CPU.ActiveCfg = Release|Any CPU
		{A45E0B3C-083C-4145-84EC-B7E57E861ECE}.Release|Any CPU.Build.0 = Release|Any CPU
		{C95CB38E-326A-4913-A48F-695AC640927F}.Debug|Any CPU.ActiveCfg = Debug|Any CPU
		{C95CB38E-326A-4913-A48F-695AC640927F}.Debug|Any CPU.Build.0 = Debug|Any CPU
		{C95CB38E-326A-4913-A48F-695AC640927F}.Release|Any CPU.ActiveCfg = Release|Any CPU
		{C95CB38E-326A-4913-A48F-695AC640927F}.Release|Any CPU.Build.0 = Release|Any CPU
		{959BE945-5D86-41A1-AFCC-050553379E87}.Debug|Any CPU.ActiveCfg = Debug|Any CPU
		{959BE945-5D86-41A1-AFCC-050553379E87}.Debug|Any CPU.Build.0 = Debug|Any CPU
		{959BE945-5D86-41A1-AFCC-050553379E87}.Release|Any CPU.ActiveCfg = Release|Any CPU
		{959BE945-5D86-41A1-AFCC-050553379E87}.Release|Any CPU.Build.0 = Release|Any CPU
		{DF5763EB-0949-4CC4-8C46-C046C747BB51}.Debug|Any CPU.ActiveCfg = Debug|Any CPU
		{DF5763EB-0949-4CC4-8C46-C046C747BB51}.Debug|Any CPU.Build.0 = Debug|Any CPU
		{DF5763EB-0949-4CC4-8C46-C046C747BB51}.Release|Any CPU.ActiveCfg = Release|Any CPU
		{DF5763EB-0949-4CC4-8C46-C046C747BB51}.Release|Any CPU.Build.0 = Release|Any CPU
		{685EBDE3-42EC-4DAD-9CA6-0CABDA500004}.Debug|Any CPU.ActiveCfg = Debug|Any CPU
		{685EBDE3-42EC-4DAD-9CA6-0CABDA500004}.Debug|Any CPU.Build.0 = Debug|Any CPU
		{685EBDE3-42EC-4DAD-9CA6-0CABDA500004}.Release|Any CPU.ActiveCfg = Release|Any CPU
		{685EBDE3-42EC-4DAD-9CA6-0CABDA500004}.Release|Any CPU.Build.0 = Release|Any CPU
	EndGlobalSection
	GlobalSection(SolutionProperties) = preSolution
		HideSolutionNode = FALSE
	EndGlobalSection
	GlobalSection(NestedProjects) = preSolution
		{E3B31956-0EA4-4DE0-AA17-240C08598B84} = {3EBAA573-1C4F-4809-99FB-227CFC76747A}
		{D2983EDD-4A96-406B-9CB7-C19415BA39F2} = {B50CBDD1-B80C-432C-B651-40C6EE05A34B}
		{FCE6E095-7F54-48AE-8F93-D4333D682FBE} = {B50CBDD1-B80C-432C-B651-40C6EE05A34B}
		{2E1B45AC-6314-40BD-8103-A11169B00AD4} = {B3B69325-4A80-45A9-AE09-49BE77175751}
		{DC95D490-6E66-48D0-9E2E-F9D26C4511BB} = {B3B69325-4A80-45A9-AE09-49BE77175751}
		{A470EE1F-DF4A-4F72-B8DD-7DD31E40772F} = {A4421B79-D294-407C-A140-0990A42E0D10}
		{A45E0B3C-083C-4145-84EC-B7E57E861ECE} = {B3B69325-4A80-45A9-AE09-49BE77175751}
		{C95CB38E-326A-4913-A48F-695AC640927F} = {B50CBDD1-B80C-432C-B651-40C6EE05A34B}
		{959BE945-5D86-41A1-AFCC-050553379E87} = {B3B69325-4A80-45A9-AE09-49BE77175751}
		{DF5763EB-0949-4CC4-8C46-C046C747BB51} = {B50CBDD1-B80C-432C-B651-40C6EE05A34B}
		{685EBDE3-42EC-4DAD-9CA6-0CABDA500004} = {B50CBDD1-B80C-432C-B651-40C6EE05A34B}
	EndGlobalSection
	GlobalSection(ExtensibilityGlobals) = postSolution
		SolutionGuid = {037A28F2-25EE-4A12-BD81-8362E97DB1A4}
	EndGlobalSection
EndGlobal
