
Microsoft Visual Studio Solution File, Format Version 12.00
# Visual Studio 14
VisualStudioVersion = 14.0.25420.1
MinimumVisualStudioVersion = 10.0.40219.1
Project("{FAE04EC0-301F-11D3-BF4B-00C04F79EFBC}") = "MVCPattern", "MVCPattern\MVCPattern.csproj", "{7F6CBE44-F857-4A30-8F3F-046CB50F6FBB}"
EndProject
Project("{FAE04EC0-301F-11D3-BF4B-00C04F79EFBC}") = "MVCPattern.Tests", "MVCPattern.Tests\MVCPattern.Tests.csproj", "{13DDD7B6-C6A1-4B69-950D-22E02A87D642}"
EndProject
Global
	GlobalSection(SolutionConfigurationPlatforms) = preSolution
		Debug|Any CPU = Debug|Any CPU
		Release|Any CPU = Release|Any CPU
	EndGlobalSection
	GlobalSection(ProjectConfigurationPlatforms) = postSolution
		{7F6CBE44-F857-4A30-8F3F-046CB50F6FBB}.Debug|Any CPU.ActiveCfg = Debug|Any CPU
		{7F6CBE44-F857-4A30-8F3F-046CB50F6FBB}.Debug|Any CPU.Build.0 = Debug|Any CPU
		{7F6CBE44-F857-4A30-8F3F-046CB50F6FBB}.Release|Any CPU.ActiveCfg = Release|Any CPU
		{7F6CBE44-F857-4A30-8F3F-046CB50F6FBB}.Release|Any CPU.Build.0 = Release|Any CPU
		{13DDD7B6-C6A1-4B69-950D-22E02A87D642}.Debug|Any CPU.ActiveCfg = Debug|Any CPU
		{13DDD7B6-C6A1-4B69-950D-22E02A87D642}.Debug|Any CPU.Build.0 = Debug|Any CPU
		{13DDD7B6-C6A1-4B69-950D-22E02A87D642}.Release|Any CPU.ActiveCfg = Release|Any CPU
		{13DDD7B6-C6A1-4B69-950D-22E02A87D642}.Release|Any CPU.Build.0 = Release|Any CPU
	EndGlobalSection
	GlobalSection(SolutionProperties) = preSolution
		HideSolutionNode = FALSE
	EndGlobalSection
EndGlobal
